
Microsoft Visual Studio Solution File, Format Version 12.00
# Visual Studio Version 17
VisualStudioVersion = 17.9.34723.18
MinimumVisualStudioVersion = 10.0.40219.1
Project("{FAE04EC0-301F-11D3-BF4B-00C04F79EFBC}") = "AccessModifiers0304", "AccessModifiers0304\AccessModifiers0304.csproj", "{35E947AE-C834-4302-AAB3-75264B4E3C9B}"
EndProject
Global
	GlobalSection(SolutionConfigurationPlatforms) = preSolution
		Debug|Any CPU = Debug|Any CPU
		Release|Any CPU = Release|Any CPU
	EndGlobalSection
	GlobalSection(ProjectConfigurationPlatforms) = postSolution
		{35E947AE-C834-4302-AAB3-75264B4E3C9B}.Debug|Any CPU.ActiveCfg = Debug|Any CPU
		{35E947AE-C834-4302-AAB3-75264B4E3C9B}.Debug|Any CPU.Build.0 = Debug|Any CPU
		{35E947AE-C834-4302-AAB3-75264B4E3C9B}.Release|Any CPU.ActiveCfg = Release|Any CPU
		{35E947AE-C834-4302-AAB3-75264B4E3C9B}.Release|Any CPU.Build.0 = Release|Any CPU
	EndGlobalSection
	GlobalSection(SolutionProperties) = preSolution
		HideSolutionNode = FALSE
	EndGlobalSection
	GlobalSection(ExtensibilityGlobals) = postSolution
		SolutionGuid = {1B8D31E4-D7FF-4DA0-A2C3-B5F15031C174}
	EndGlobalSection
EndGlobal
